
Microsoft Visual Studio Solution File, Format Version 12.00
# Visual Studio Version 16
VisualStudioVersion = 16.0.29806.167
MinimumVisualStudioVersion = 10.0.40219.1
Project("{9A19103F-16F7-4668-BE54-9A1E7A4F7556}") = "200303-Exo 01 Pokemon", "200303-Pokemon\200303-Exo 01 Pokemon.csproj", "{D95B7E16-E576-49F5-9AB9-BE4C1BA20943}"
EndProject
Project("{2150E333-8FDC-42A3-9474-1A3956D46DE8}") = "Vincent", "Vincent", "{47233EC6-3E78-42B2-86D5-A92B8B0BADD8}"
EndProject
Project("{2150E333-8FDC-42A3-9474-1A3956D46DE8}") = "Anthony", "Anthony", "{C083FF47-294F-4E9D-962E-29480A9F93D7}"
EndProject
Project("{2150E333-8FDC-42A3-9474-1A3956D46DE8}") = "Design Patterns", "Design Patterns", "{05EFBB60-2860-479F-8881-E2733AC57760}"
EndProject
Project("{FAE04EC0-301F-11D3-BF4B-00C04F79EFBC}") = "Observer", "Observer\Observer.csproj", "{05BBBD13-273F-4CE0-96E6-0B5F8A37A4EC}"
EndProject
Global
	GlobalSection(SolutionConfigurationPlatforms) = preSolution
		Debug|Any CPU = Debug|Any CPU
		Release|Any CPU = Release|Any CPU
	EndGlobalSection
	GlobalSection(ProjectConfigurationPlatforms) = postSolution
		{D95B7E16-E576-49F5-9AB9-BE4C1BA20943}.Debug|Any CPU.ActiveCfg = Debug|Any CPU
		{D95B7E16-E576-49F5-9AB9-BE4C1BA20943}.Debug|Any CPU.Build.0 = Debug|Any CPU
		{D95B7E16-E576-49F5-9AB9-BE4C1BA20943}.Release|Any CPU.ActiveCfg = Release|Any CPU
		{D95B7E16-E576-49F5-9AB9-BE4C1BA20943}.Release|Any CPU.Build.0 = Release|Any CPU
		{05BBBD13-273F-4CE0-96E6-0B5F8A37A4EC}.Debug|Any CPU.ActiveCfg = Debug|Any CPU
		{05BBBD13-273F-4CE0-96E6-0B5F8A37A4EC}.Debug|Any CPU.Build.0 = Debug|Any CPU
		{05BBBD13-273F-4CE0-96E6-0B5F8A37A4EC}.Release|Any CPU.ActiveCfg = Release|Any CPU
		{05BBBD13-273F-4CE0-96E6-0B5F8A37A4EC}.Release|Any CPU.Build.0 = Release|Any CPU
	EndGlobalSection
	GlobalSection(SolutionProperties) = preSolution
		HideSolutionNode = FALSE
	EndGlobalSection
	GlobalSection(NestedProjects) = preSolution
		{D95B7E16-E576-49F5-9AB9-BE4C1BA20943} = {C083FF47-294F-4E9D-962E-29480A9F93D7}
		{05BBBD13-273F-4CE0-96E6-0B5F8A37A4EC} = {05EFBB60-2860-479F-8881-E2733AC57760}
	EndGlobalSection
	GlobalSection(ExtensibilityGlobals) = postSolution
		SolutionGuid = {ADE6DF2C-5AFA-4C25-8B3C-EFAB3042D7D8}
	EndGlobalSection
EndGlobal
