Microsoft Visual Studio Solution File, Format Version 12.00
# Visual Studio Version 17
VisualStudioVersion = 17.1.32319.34
MinimumVisualStudioVersion = 10.0.40219.1
Project("{9A19103F-16F7-4668-BE54-9A1E7A4F7556}") = "200303-Exo 01 Pokemon", "200303-Pokemon\200303-Exo 01 Pokemon.csproj", "{D95B7E16-E576-49F5-9AB9-BE4C1BA20943}"
EndProject
Project("{2150E333-8FDC-42A3-9474-1A3956D46DE8}") = "Vincent", "Vincent", "{47233EC6-3E78-42B2-86D5-A92B8B0BADD8}"
EndProject
Project("{2150E333-8FDC-42A3-9474-1A3956D46DE8}") = "Anthony", "Anthony", "{C083FF47-294F-4E9D-962E-29480A9F93D7}"
EndProject
Project("{2150E333-8FDC-42A3-9474-1A3956D46DE8}") = "Design Patterns", "Design Patterns", "{05EFBB60-2860-479F-8881-E2733AC57760}"
EndProject
Project("{9A19103F-16F7-4668-BE54-9A1E7A4F7556}") = "Observer", "Observer\Observer.csproj", "{05BBBD13-273F-4CE0-96E6-0B5F8A37A4EC}"
EndProject
Project("{9A19103F-16F7-4668-BE54-9A1E7A4F7556}") = "200305-Exo01 Trader", "200305-Trader\200305-Exo01 Trader.csproj", "{F4823771-E147-47E4-8592-AFB7C20AC76C}"
EndProject
Project("{9A19103F-16F7-4668-BE54-9A1E7A4F7556}") = "200306-Exo02 Humans and Phones", "200306-Exo02 Humans and Phones\200306-Exo02 Humans and Phones.csproj", "{2FD227E2-D9F2-4553-AC18-D6F8A7C9C283}"
EndProject
Project("{9A19103F-16F7-4668-BE54-9A1E7A4F7556}") = "200316-Exo04 Events", "200316-Exo04 Events\200316-Exo04 Events.csproj", "{40C436C9-9746-47D5-A09D-9F5E1A108886}"
EndProject
Project("{9A19103F-16F7-4668-BE54-9A1E7A4F7556}") = "200316-Exo05 Chest Event", "200316-Exo05 Chest Event\200316-Exo05 Chest Event.csproj", "{8C22195D-440F-4E77-8C63-5BA52363D869}"
EndProject
Project("{9A19103F-16F7-4668-BE54-9A1E7A4F7556}") = "200319-Exo07 Pool and Weather", "200319-Exo07 Pool and Weather\200319-Exo07 Pool and Weather.csproj", "{283F412F-09D7-4246-9ACC-4277263E7F0D}"
EndProject
Project("{9A19103F-16F7-4668-BE54-9A1E7A4F7556}") = "200320-Exo08 Fibo Event", "200320-Exo08 Fibo Event\200320-Exo08 Fibo Event.csproj", "{E1CEB9B9-783E-4D54-8E0B-482451A41576}"
EndProject
Project("{9A19103F-16F7-4668-BE54-9A1E7A4F7556}") = "200319-Exo06 Humans and Phones Event", "200319-Exo06 Humans and Phones Event\200319-Exo06 Humans and Phones Event.csproj", "{B88F48F1-B54F-4477-B3AA-318030A7670D}"
EndProject
Global
	GlobalSection(SolutionConfigurationPlatforms) = preSolution
		Debug|Any CPU = Debug|Any CPU
		Release|Any CPU = Release|Any CPU
	EndGlobalSection
	GlobalSection(ProjectConfigurationPlatforms) = postSolution
		{D95B7E16-E576-49F5-9AB9-BE4C1BA20943}.Debug|Any CPU.ActiveCfg = Debug|Any CPU
		{D95B7E16-E576-49F5-9AB9-BE4C1BA20943}.Debug|Any CPU.Build.0 = Debug|Any CPU
		{D95B7E16-E576-49F5-9AB9-BE4C1BA20943}.Release|Any CPU.ActiveCfg = Release|Any CPU
		{D95B7E16-E576-49F5-9AB9-BE4C1BA20943}.Release|Any CPU.Build.0 = Release|Any CPU
		{05BBBD13-273F-4CE0-96E6-0B5F8A37A4EC}.Debug|Any CPU.ActiveCfg = Debug|Any CPU
		{05BBBD13-273F-4CE0-96E6-0B5F8A37A4EC}.Debug|Any CPU.Build.0 = Debug|Any CPU
		{05BBBD13-273F-4CE0-96E6-0B5F8A37A4EC}.Release|Any CPU.ActiveCfg = Release|Any CPU
		{05BBBD13-273F-4CE0-96E6-0B5F8A37A4EC}.Release|Any CPU.Build.0 = Release|Any CPU
		{F4823771-E147-47E4-8592-AFB7C20AC76C}.Debug|Any CPU.ActiveCfg = Debug|Any CPU
		{F4823771-E147-47E4-8592-AFB7C20AC76C}.Debug|Any CPU.Build.0 = Debug|Any CPU
		{F4823771-E147-47E4-8592-AFB7C20AC76C}.Release|Any CPU.ActiveCfg = Release|Any CPU
		{F4823771-E147-47E4-8592-AFB7C20AC76C}.Release|Any CPU.Build.0 = Release|Any CPU
		{2FD227E2-D9F2-4553-AC18-D6F8A7C9C283}.Debug|Any CPU.ActiveCfg = Debug|Any CPU
		{2FD227E2-D9F2-4553-AC18-D6F8A7C9C283}.Debug|Any CPU.Build.0 = Debug|Any CPU
		{2FD227E2-D9F2-4553-AC18-D6F8A7C9C283}.Release|Any CPU.ActiveCfg = Release|Any CPU
		{2FD227E2-D9F2-4553-AC18-D6F8A7C9C283}.Release|Any CPU.Build.0 = Release|Any CPU
		{40C436C9-9746-47D5-A09D-9F5E1A108886}.Debug|Any CPU.ActiveCfg = Debug|Any CPU
		{40C436C9-9746-47D5-A09D-9F5E1A108886}.Debug|Any CPU.Build.0 = Debug|Any CPU
		{40C436C9-9746-47D5-A09D-9F5E1A108886}.Release|Any CPU.ActiveCfg = Release|Any CPU
		{40C436C9-9746-47D5-A09D-9F5E1A108886}.Release|Any CPU.Build.0 = Release|Any CPU
		{8C22195D-440F-4E77-8C63-5BA52363D869}.Debug|Any CPU.ActiveCfg = Debug|Any CPU
		{8C22195D-440F-4E77-8C63-5BA52363D869}.Debug|Any CPU.Build.0 = Debug|Any CPU
		{8C22195D-440F-4E77-8C63-5BA52363D869}.Release|Any CPU.ActiveCfg = Release|Any CPU
		{8C22195D-440F-4E77-8C63-5BA52363D869}.Release|Any CPU.Build.0 = Release|Any CPU
		{283F412F-09D7-4246-9ACC-4277263E7F0D}.Debug|Any CPU.ActiveCfg = Debug|Any CPU
		{283F412F-09D7-4246-9ACC-4277263E7F0D}.Debug|Any CPU.Build.0 = Debug|Any CPU
		{283F412F-09D7-4246-9ACC-4277263E7F0D}.Release|Any CPU.ActiveCfg = Release|Any CPU
		{283F412F-09D7-4246-9ACC-4277263E7F0D}.Release|Any CPU.Build.0 = Release|Any CPU
		{E1CEB9B9-783E-4D54-8E0B-482451A41576}.Debug|Any CPU.ActiveCfg = Debug|Any CPU
		{E1CEB9B9-783E-4D54-8E0B-482451A41576}.Debug|Any CPU.Build.0 = Debug|Any CPU
		{E1CEB9B9-783E-4D54-8E0B-482451A41576}.Release|Any CPU.ActiveCfg = Release|Any CPU
		{E1CEB9B9-783E-4D54-8E0B-482451A41576}.Release|Any CPU.Build.0 = Release|Any CPU
		{B88F48F1-B54F-4477-B3AA-318030A7670D}.Debug|Any CPU.ActiveCfg = Debug|Any CPU
		{B88F48F1-B54F-4477-B3AA-318030A7670D}.Debug|Any CPU.Build.0 = Debug|Any CPU
		{B88F48F1-B54F-4477-B3AA-318030A7670D}.Release|Any CPU.ActiveCfg = Release|Any CPU
		{B88F48F1-B54F-4477-B3AA-318030A7670D}.Release|Any CPU.Build.0 = Release|Any CPU
	EndGlobalSection
	GlobalSection(SolutionProperties) = preSolution
		HideSolutionNode = FALSE
	EndGlobalSection
	GlobalSection(NestedProjects) = preSolution
		{D95B7E16-E576-49F5-9AB9-BE4C1BA20943} = {C083FF47-294F-4E9D-962E-29480A9F93D7}
		{05BBBD13-273F-4CE0-96E6-0B5F8A37A4EC} = {05EFBB60-2860-479F-8881-E2733AC57760}
		{F4823771-E147-47E4-8592-AFB7C20AC76C} = {47233EC6-3E78-42B2-86D5-A92B8B0BADD8}
		{2FD227E2-D9F2-4553-AC18-D6F8A7C9C283} = {47233EC6-3E78-42B2-86D5-A92B8B0BADD8}
		{40C436C9-9746-47D5-A09D-9F5E1A108886} = {47233EC6-3E78-42B2-86D5-A92B8B0BADD8}
		{8C22195D-440F-4E77-8C63-5BA52363D869} = {47233EC6-3E78-42B2-86D5-A92B8B0BADD8}
		{283F412F-09D7-4246-9ACC-4277263E7F0D} = {47233EC6-3E78-42B2-86D5-A92B8B0BADD8}
		{E1CEB9B9-783E-4D54-8E0B-482451A41576} = {47233EC6-3E78-42B2-86D5-A92B8B0BADD8}
		{B88F48F1-B54F-4477-B3AA-318030A7670D} = {47233EC6-3E78-42B2-86D5-A92B8B0BADD8}
	EndGlobalSection
	GlobalSection(ExtensibilityGlobals) = postSolution
		SolutionGuid = {ADE6DF2C-5AFA-4C25-8B3C-EFAB3042D7D8}
	EndGlobalSection
EndGlobal
